
Microsoft Visual Studio Solution File, Format Version 12.00
# Visual Studio Version 16
VisualStudioVersion = 16.0.31729.503
MinimumVisualStudioVersion = 10.0.40219.1
Project("{FAE04EC0-301F-11D3-BF4B-00C04F79EFBC}") = "Exercicio01", "Exercicio01\Exercicio01.csproj", "{757C7862-2537-41DB-8399-67ADC923DC53}"
EndProject
Project("{FAE04EC0-301F-11D3-BF4B-00C04F79EFBC}") = "Exercicio02", "Exercicio02\Exercicio02.csproj", "{84F51C80-C8CC-48B0-98E6-28610B3243FD}"
EndProject
Project("{FAE04EC0-301F-11D3-BF4B-00C04F79EFBC}") = "Exercicio03", "Exercicio03\Exercicio03.csproj", "{EAD8F405-B2AC-4F48-B1ED-2F19A123061E}"
EndProject
Global
	GlobalSection(SolutionConfigurationPlatforms) = preSolution
		Debug|Any CPU = Debug|Any CPU
		Release|Any CPU = Release|Any CPU
	EndGlobalSection
	GlobalSection(ProjectConfigurationPlatforms) = postSolution
		{757C7862-2537-41DB-8399-67ADC923DC53}.Debug|Any CPU.ActiveCfg = Debug|Any CPU
		{757C7862-2537-41DB-8399-67ADC923DC53}.Debug|Any CPU.Build.0 = Debug|Any CPU
		{757C7862-2537-41DB-8399-67ADC923DC53}.Release|Any CPU.ActiveCfg = Release|Any CPU
		{757C7862-2537-41DB-8399-67ADC923DC53}.Release|Any CPU.Build.0 = Release|Any CPU
		{84F51C80-C8CC-48B0-98E6-28610B3243FD}.Debug|Any CPU.ActiveCfg = Debug|Any CPU
		{84F51C80-C8CC-48B0-98E6-28610B3243FD}.Debug|Any CPU.Build.0 = Debug|Any CPU
		{84F51C80-C8CC-48B0-98E6-28610B3243FD}.Release|Any CPU.ActiveCfg = Release|Any CPU
		{84F51C80-C8CC-48B0-98E6-28610B3243FD}.Release|Any CPU.Build.0 = Release|Any CPU
		{EAD8F405-B2AC-4F48-B1ED-2F19A123061E}.Debug|Any CPU.ActiveCfg = Debug|Any CPU
		{EAD8F405-B2AC-4F48-B1ED-2F19A123061E}.Debug|Any CPU.Build.0 = Debug|Any CPU
		{EAD8F405-B2AC-4F48-B1ED-2F19A123061E}.Release|Any CPU.ActiveCfg = Release|Any CPU
		{EAD8F405-B2AC-4F48-B1ED-2F19A123061E}.Release|Any CPU.Build.0 = Release|Any CPU
	EndGlobalSection
	GlobalSection(SolutionProperties) = preSolution
		HideSolutionNode = FALSE
	EndGlobalSection
	GlobalSection(ExtensibilityGlobals) = postSolution
		SolutionGuid = {AC771FE5-AFE8-4ABC-8F80-55B7995F311C}
	EndGlobalSection
EndGlobal
