
Microsoft Visual Studio Solution File, Format Version 12.00
# Visual Studio Version 16
VisualStudioVersion = 16.0.31729.503
MinimumVisualStudioVersion = 10.0.40219.1
Project("{FAE04EC0-301F-11D3-BF4B-00C04F79EFBC}") = "Prova", "Prova\Prova.csproj", "{A9DD2934-D1D7-465D-8E3D-70800D0D637A}"
EndProject
Global
	GlobalSection(SolutionConfigurationPlatforms) = preSolution
		Debug|Any CPU = Debug|Any CPU
		Release|Any CPU = Release|Any CPU
	EndGlobalSection
	GlobalSection(ProjectConfigurationPlatforms) = postSolution
		{A9DD2934-D1D7-465D-8E3D-70800D0D637A}.Debug|Any CPU.ActiveCfg = Debug|Any CPU
		{A9DD2934-D1D7-465D-8E3D-70800D0D637A}.Debug|Any CPU.Build.0 = Debug|Any CPU
		{A9DD2934-D1D7-465D-8E3D-70800D0D637A}.Release|Any CPU.ActiveCfg = Release|Any CPU
		{A9DD2934-D1D7-465D-8E3D-70800D0D637A}.Release|Any CPU.Build.0 = Release|Any CPU
	EndGlobalSection
	GlobalSection(SolutionProperties) = preSolution
		HideSolutionNode = FALSE
	EndGlobalSection
	GlobalSection(ExtensibilityGlobals) = postSolution
		SolutionGuid = {1ED2F7E7-5AF3-4B74-B318-2739F4A0AD51}
	EndGlobalSection
EndGlobal
