
Microsoft Visual Studio Solution File, Format Version 12.00
# Visual Studio Version 16
VisualStudioVersion = 16.0.31729.503
MinimumVisualStudioVersion = 10.0.40219.1
Project("{FAE04EC0-301F-11D3-BF4B-00C04F79EFBC}") = "Aula26.10", "Aula26.10\Aula26.10.csproj", "{956A391B-C416-4015-9627-393E3BD5966A}"
EndProject
Global
	GlobalSection(SolutionConfigurationPlatforms) = preSolution
		Debug|Any CPU = Debug|Any CPU
		Release|Any CPU = Release|Any CPU
	EndGlobalSection
	GlobalSection(ProjectConfigurationPlatforms) = postSolution
		{956A391B-C416-4015-9627-393E3BD5966A}.Debug|Any CPU.ActiveCfg = Debug|Any CPU
		{956A391B-C416-4015-9627-393E3BD5966A}.Debug|Any CPU.Build.0 = Debug|Any CPU
		{956A391B-C416-4015-9627-393E3BD5966A}.Release|Any CPU.ActiveCfg = Release|Any CPU
		{956A391B-C416-4015-9627-393E3BD5966A}.Release|Any CPU.Build.0 = Release|Any CPU
	EndGlobalSection
	GlobalSection(SolutionProperties) = preSolution
		HideSolutionNode = FALSE
	EndGlobalSection
	GlobalSection(ExtensibilityGlobals) = postSolution
		SolutionGuid = {0B808563-FBF9-42A5-92E4-AE325A05F705}
	EndGlobalSection
EndGlobal
