
Microsoft Visual Studio Solution File, Format Version 12.00
# Visual Studio Version 16
VisualStudioVersion = 16.0.31729.503
MinimumVisualStudioVersion = 10.0.40219.1
Project("{9A19103F-16F7-4668-BE54-9A1E7A4F7556}") = "Execicio01", "ExeciciosForLista\Execicio01.csproj", "{00251ED9-603B-48F0-9A94-660361226C65}"
EndProject
Project("{FAE04EC0-301F-11D3-BF4B-00C04F79EFBC}") = "Exercicio01Lista", "Exercicio01Lista\Exercicio01Lista.csproj", "{7F564050-797A-45BF-8879-BD9460632802}"
EndProject
Global
	GlobalSection(SolutionConfigurationPlatforms) = preSolution
		Debug|Any CPU = Debug|Any CPU
		Release|Any CPU = Release|Any CPU
	EndGlobalSection
	GlobalSection(ProjectConfigurationPlatforms) = postSolution
		{00251ED9-603B-48F0-9A94-660361226C65}.Debug|Any CPU.ActiveCfg = Debug|Any CPU
		{00251ED9-603B-48F0-9A94-660361226C65}.Debug|Any CPU.Build.0 = Debug|Any CPU
		{00251ED9-603B-48F0-9A94-660361226C65}.Release|Any CPU.ActiveCfg = Release|Any CPU
		{00251ED9-603B-48F0-9A94-660361226C65}.Release|Any CPU.Build.0 = Release|Any CPU
		{7F564050-797A-45BF-8879-BD9460632802}.Debug|Any CPU.ActiveCfg = Debug|Any CPU
		{7F564050-797A-45BF-8879-BD9460632802}.Debug|Any CPU.Build.0 = Debug|Any CPU
		{7F564050-797A-45BF-8879-BD9460632802}.Release|Any CPU.ActiveCfg = Release|Any CPU
		{7F564050-797A-45BF-8879-BD9460632802}.Release|Any CPU.Build.0 = Release|Any CPU
	EndGlobalSection
	GlobalSection(SolutionProperties) = preSolution
		HideSolutionNode = FALSE
	EndGlobalSection
	GlobalSection(ExtensibilityGlobals) = postSolution
		SolutionGuid = {0DC9CB82-1BE4-435D-B08F-D3C8939F2348}
	EndGlobalSection
EndGlobal
